PODS:
  - Capacitor (5.0.5):
    - CapacitorCordova
  - CapacitorApp (5.0.3):
    - Capacitor
  - CapacitorCamera (5.0.4):
    - Capacitor
  - CapacitorCordova (5.0.5)
  - CapacitorDevice (5.0.4):
    - Capacitor
  - CapacitorFilesystem (5.0.4):
    - Capacitor
  - CapacitorGeolocation (5.0.4):
    - Capacitor
  - CapacitorNetwork (5.0.4):
    - Capacitor
  - CapacitorSplashScreen (5.0.4):
    - Capacitor
  - CapacitorStatusBar (5.0.4):
    - Capacitor
  - CordovaPlugins (5.0.5):
    - CapacitorCordova

DEPENDENCIES:
  - "Capacitor (from `../../node_modules/@capacitor/ios`)"
  - "CapacitorApp (from `../../node_modules/@capacitor/app`)"
  - "CapacitorCamera (from `../../node_modules/@capacitor/camera`)"
  - "CapacitorCordova (from `../../node_modules/@capacitor/ios`)"
  - "CapacitorDevice (from `../../node_modules/@capacitor/device`)"
  - "CapacitorFilesystem (from `../../node_modules/@capacitor/filesystem`)"
  - "CapacitorGeolocation (from `../../node_modules/@capacitor/geolocation`)"
  - "CapacitorNetwork (from `../../node_modules/@capacitor/network`)"
  - "CapacitorSplashScreen (from `../../node_modules/@capacitor/splash-screen`)"
  - "CapacitorStatusBar (from `../../node_modules/@capacitor/status-bar`)"
  - CordovaPlugins (from `../capacitor-cordova-ios-plugins`)

EXTERNAL SOURCES:
  Capacitor:
    :path: "../../node_modules/@capacitor/ios"
  CapacitorApp:
    :path: "../../node_modules/@capacitor/app"
  CapacitorCamera:
    :path: "../../node_modules/@capacitor/camera"
  CapacitorCordova:
    :path: "../../node_modules/@capacitor/ios"
  CapacitorDevice:
    :path: "../../node_modules/@capacitor/device"
  CapacitorFilesystem:
    :path: "../../node_modules/@capacitor/filesystem"
  CapacitorGeolocation:
    :path: "../../node_modules/@capacitor/geolocation"
  CapacitorNetwork:
    :path: "../../node_modules/@capacitor/network"
  CapacitorSplashScreen:
    :path: "../../node_modules/@capacitor/splash-screen"
  CapacitorStatusBar:
    :path: "../../node_modules/@capacitor/status-bar"
  CordovaPlugins:
    :path: "../capacitor-cordova-ios-plugins"

SPEC CHECKSUMS:
  Capacitor: b1248915663add1bd6567e2b67c1c1fa3abcf5e8
  CapacitorApp: 7a5dec8b33573707164b293475d5c89ba684364a
  CapacitorCamera: 9b5c8e809c1042f263994f97ba846aa37e974f12
  CapacitorCordova: f8c06b897c74ee8f7701fe10e6443b40822bc83a
  CapacitorDevice: eb4b5e3b42ac35d2527f20aad296b59e0785dc8d
  CapacitorFilesystem: e1bdfab09b95b181c844c16abcfda45ec8e8ed6b
  CapacitorGeolocation: 33015be1ef496585a60da9efa1c5642ff8624db3
  CapacitorNetwork: e2bd0bf1614aca34bb976f125a756a8a3df1c81a
  CapacitorSplashScreen: 93a389d4f7673c08214ae25bb6f21d867d5305c5
  CapacitorStatusBar: 190e0321b8734f4244d0c81baa183a00d5806ddf
  CordovaPlugins: 43bc7a77baa92b7e213fe3e0c2275d24f331de9f

PODFILE CHECKSUM: 90f7c6b777c9b3db71dd385b484f6470f69fb8f3

COCOAPODS: 1.10.1
